
Microsoft Visual Studio Solution File, Format Version 12.00
# Visual Studio Version 17
VisualStudioVersion = 17.8.34511.84
MinimumVisualStudioVersion = 10.0.40219.1
Project("{2150E333-8FDC-42A3-9474-1A3956D46DE8}") = "src", "src", "{749A7DED-8DC6-4174-9EC3-9F0837792B15}"
EndProject
Project("{2150E333-8FDC-42A3-9474-1A3956D46DE8}") = "web", "web", "{028E1C49-D8ED-4C8E-86B1-6928A2D76EE4}"
EndProject
Project("{2150E333-8FDC-42A3-9474-1A3956D46DE8}") = "docs", "docs", "{73B0D31C-24FC-4A9C-B8D0-6705CEE9BF0D}"
	ProjectSection(SolutionItems) = preProject
		src\docs\PROJECT_DESCRIPTION.pdf = src\docs\PROJECT_DESCRIPTION.pdf
	EndProjectSection
EndProject
Project("{2150E333-8FDC-42A3-9474-1A3956D46DE8}") = "zap_report-prefix", "zap_report-prefix", "{72EFEE8C-8F87-48D4-9DAA-57F683D4707A}"
	ProjectSection(SolutionItems) = preProject
		src\docs\zap_report-prefix\2024-02-03-ZAP-Report-localhost_prefix.html = src\docs\zap_report-prefix\2024-02-03-ZAP-Report-localhost_prefix.html
	EndProjectSection
EndProject
Project("{2150E333-8FDC-42A3-9474-1A3956D46DE8}") = "themes", "themes", "{62C365D7-E4BE-4CB7-AF13-FE97A291A970}"
EndProject
Project("{2150E333-8FDC-42A3-9474-1A3956D46DE8}") = "original", "original", "{2C1422A7-D7E0-44D7-9A44-032FB33F8C50}"
EndProject
Project("{2150E333-8FDC-42A3-9474-1A3956D46DE8}") = "normalize", "normalize", "{6B325D5D-32EB-443F-8BF4-81133E891A72}"
EndProject
Project("{9A19103F-16F7-4668-BE54-9A1E7A4F7556}") = "Algebra.SecureCoding.Web", "src\web\Algebra.SecureCoding.Web\Algebra.SecureCoding.Web.csproj", "{3E032EE8-4B44-4F79-A8FC-EF4984DE0A6C}"
EndProject
Project("{2150E333-8FDC-42A3-9474-1A3956D46DE8}") = "zap_report-postfix", "zap_report-postfix", "{0DEDF5DA-8FC6-45F6-ABF6-7A55F878B8B1}"
EndProject
Project("{2150E333-8FDC-42A3-9474-1A3956D46DE8}") = "normalize", "normalize", "{882239CC-DF8D-4BD1-BD96-DB17CAE38298}"
EndProject
Project("{2150E333-8FDC-42A3-9474-1A3956D46DE8}") = "themes", "themes", "{2128ED3F-4FEB-4D1B-870A-D3ACDE3D51F8}"
EndProject
Project("{2150E333-8FDC-42A3-9474-1A3956D46DE8}") = "original", "original", "{3CB3CB2D-071E-474B-A61E-C4523D57ED52}"
EndProject
Project("{FAE04EC0-301F-11D3-BF4B-00C04F79EFBC}") = "Algebra.SecureCoding.CorsTest", "src\web\Algebra.SecureCoding.CorsTest\Algebra.SecureCoding.CorsTest.csproj", "{6C022A6E-902E-4A3C-AC48-8BC9C0A9AA53}"
EndProject
Global
	GlobalSection(SolutionConfigurationPlatforms) = preSolution
		Debug|Any CPU = Debug|Any CPU
		Release|Any CPU = Release|Any CPU
	EndGlobalSection
	GlobalSection(ProjectConfigurationPlatforms) = postSolution
		{3E032EE8-4B44-4F79-A8FC-EF4984DE0A6C}.Debug|Any CPU.ActiveCfg = Debug|Any CPU
		{3E032EE8-4B44-4F79-A8FC-EF4984DE0A6C}.Debug|Any CPU.Build.0 = Debug|Any CPU
		{3E032EE8-4B44-4F79-A8FC-EF4984DE0A6C}.Release|Any CPU.ActiveCfg = Release|Any CPU
		{3E032EE8-4B44-4F79-A8FC-EF4984DE0A6C}.Release|Any CPU.Build.0 = Release|Any CPU
		{6C022A6E-902E-4A3C-AC48-8BC9C0A9AA53}.Debug|Any CPU.ActiveCfg = Debug|Any CPU
		{6C022A6E-902E-4A3C-AC48-8BC9C0A9AA53}.Debug|Any CPU.Build.0 = Debug|Any CPU
		{6C022A6E-902E-4A3C-AC48-8BC9C0A9AA53}.Release|Any CPU.ActiveCfg = Release|Any CPU
		{6C022A6E-902E-4A3C-AC48-8BC9C0A9AA53}.Release|Any CPU.Build.0 = Release|Any CPU
	EndGlobalSection
	GlobalSection(SolutionProperties) = preSolution
		HideSolutionNode = FALSE
	EndGlobalSection
	GlobalSection(NestedProjects) = preSolution
		{028E1C49-D8ED-4C8E-86B1-6928A2D76EE4} = {749A7DED-8DC6-4174-9EC3-9F0837792B15}
		{73B0D31C-24FC-4A9C-B8D0-6705CEE9BF0D} = {749A7DED-8DC6-4174-9EC3-9F0837792B15}
		{72EFEE8C-8F87-48D4-9DAA-57F683D4707A} = {73B0D31C-24FC-4A9C-B8D0-6705CEE9BF0D}
		{62C365D7-E4BE-4CB7-AF13-FE97A291A970} = {72EFEE8C-8F87-48D4-9DAA-57F683D4707A}
		{2C1422A7-D7E0-44D7-9A44-032FB33F8C50} = {62C365D7-E4BE-4CB7-AF13-FE97A291A970}
		{6B325D5D-32EB-443F-8BF4-81133E891A72} = {72EFEE8C-8F87-48D4-9DAA-57F683D4707A}
		{3E032EE8-4B44-4F79-A8FC-EF4984DE0A6C} = {028E1C49-D8ED-4C8E-86B1-6928A2D76EE4}
		{0DEDF5DA-8FC6-45F6-ABF6-7A55F878B8B1} = {73B0D31C-24FC-4A9C-B8D0-6705CEE9BF0D}
		{882239CC-DF8D-4BD1-BD96-DB17CAE38298} = {0DEDF5DA-8FC6-45F6-ABF6-7A55F878B8B1}
		{2128ED3F-4FEB-4D1B-870A-D3ACDE3D51F8} = {0DEDF5DA-8FC6-45F6-ABF6-7A55F878B8B1}
		{3CB3CB2D-071E-474B-A61E-C4523D57ED52} = {2128ED3F-4FEB-4D1B-870A-D3ACDE3D51F8}
	EndGlobalSection
	GlobalSection(ExtensibilityGlobals) = postSolution
		SolutionGuid = {F03C4222-6179-453C-826C-C1A44D6D3CB0}
	EndGlobalSection
EndGlobal
